[tools.committed]
version = "1.1.7"
backend = "aqua:crate-ci/committed"

[tools.committed.checksums]
"committed-v1.1.7-x86_64-apple-darwin.tar.gz" = "sha256:f811eeb337e2844c99f4e69f1c0f56a70279042ce6dcb82d41d30dd3fb27a74c"

[tools.curlie]
version = "1.8.2"
backend = "aqua:rs/curlie"

[tools.curlie.checksums]
"curlie_1.8.2_darwin_arm64.tar.gz" = "sha256:6501b25208c0edad5b3e1dbfaaa4cc963cccd1245d4c7d36b30b61607d0ae260"

[tools.docker-compose]
version = "2.38.2"
backend = "aqua:docker/compose"

[tools.docker-compose.checksums]
docker-compose-darwin-aarch64 = "sha256:d3af9d008da340f355df89d16361a6c19a363c33e7b7ab145a81b76aa2ed9b86"

[tools.just]
version = "1.41.0"
backend = "ubi:casey/just"

[tools.just.checksums]
just-macos-aarch64 = "sha256:8e7a2979d1fe3ba22f25abffec956b4c3a17d66002294fca666827779833b024"

[tools.pre-commit]
version = "4.2.0"
backend = "aqua:pre-commit/pre-commit"

[tools.pre-commit.checksums]
"pre-commit-4.2.0.pyz" = "sha256:0d4d80fd598dd1f7c268569de49e7c7a692a3de6f7a97cf14ad4e6cce993bbdf"

[tools.tilt]
version = "0.35.0"
backend = "aqua:tilt-dev/tilt"

[tools.tilt.checksums]
"tilt.0.35.0.mac.arm64.tar.gz" = "sha256:8e1737f2ae71fd5c67750d8ea3fe41b09dcc1e11d929b305fa03b1366695009e"
